
Microsoft Visual Studio Solution File, Format Version 11.00
# Visual Studio 2010
Project("{FAE04EC0-301F-11D3-BF4B-00C04F79EFBC}") = "InYourSkin", "Assembly-CSharp-firstpass.csproj", "{1BFC49EE-0389-2C59-1977-2E2E72D3921D}"
EndProject
Project("{FAE04EC0-301F-11D3-BF4B-00C04F79EFBC}") = "InYourSkin", "Assembly-CSharp.csproj", "{AA12EFF1-B669-7624-B8EE-CB6F7820C4F6}"
EndProject
Project("{FAE04EC0-301F-11D3-BF4B-00C04F79EFBC}") = "InYourSkin", "Assembly-CSharp-Editor.csproj", "{D82B1A4A-A905-0047-90FD-0D168DDE2750}"
EndProject
Project("{FAE04EC0-301F-11D3-BF4B-00C04F79EFBC}") = "InYourSkin", "Assembly-CSharp-Editor-firstpass.csproj", "{E5C142E1-873B-1CB5-6ADE-D78FF00C2819}"
EndProject
Global
	GlobalSection(SolutionConfigurationPlatforms) = preSolution
		Debug|Any CPU = Debug|Any CPU
		Release|Any CPU = Release|Any CPU
	EndGlobalSection
	GlobalSection(ProjectConfigurationPlatforms) = postSolution
		{1BFC49EE-0389-2C59-1977-2E2E72D3921D}.Debug|Any CPU.ActiveCfg = Debug|Any CPU
		{1BFC49EE-0389-2C59-1977-2E2E72D3921D}.Debug|Any CPU.Build.0 = Debug|Any CPU
		{1BFC49EE-0389-2C59-1977-2E2E72D3921D}.Release|Any CPU.ActiveCfg = Release|Any CPU
		{1BFC49EE-0389-2C59-1977-2E2E72D3921D}.Release|Any CPU.Build.0 = Release|Any CPU
		{AA12EFF1-B669-7624-B8EE-CB6F7820C4F6}.Debug|Any CPU.ActiveCfg = Debug|Any CPU
		{AA12EFF1-B669-7624-B8EE-CB6F7820C4F6}.Debug|Any CPU.Build.0 = Debug|Any CPU
		{AA12EFF1-B669-7624-B8EE-CB6F7820C4F6}.Release|Any CPU.ActiveCfg = Release|Any CPU
		{AA12EFF1-B669-7624-B8EE-CB6F7820C4F6}.Release|Any CPU.Build.0 = Release|Any CPU
		{D82B1A4A-A905-0047-90FD-0D168DDE2750}.Debug|Any CPU.ActiveCfg = Debug|Any CPU
		{D82B1A4A-A905-0047-90FD-0D168DDE2750}.Debug|Any CPU.Build.0 = Debug|Any CPU
		{D82B1A4A-A905-0047-90FD-0D168DDE2750}.Release|Any CPU.ActiveCfg = Release|Any CPU
		{D82B1A4A-A905-0047-90FD-0D168DDE2750}.Release|Any CPU.Build.0 = Release|Any CPU
		{E5C142E1-873B-1CB5-6ADE-D78FF00C2819}.Debug|Any CPU.ActiveCfg = Debug|Any CPU
		{E5C142E1-873B-1CB5-6ADE-D78FF00C2819}.Debug|Any CPU.Build.0 = Debug|Any CPU
		{E5C142E1-873B-1CB5-6ADE-D78FF00C2819}.Release|Any CPU.ActiveCfg = Release|Any CPU
		{E5C142E1-873B-1CB5-6ADE-D78FF00C2819}.Release|Any CPU.Build.0 = Release|Any CPU
	EndGlobalSection
	GlobalSection(SolutionProperties) = preSolution
		HideSolutionNode = FALSE
	EndGlobalSection
	GlobalSection(MonoDevelopProperties) = preSolution
		StartupItem = Assembly-CSharp.csproj
	EndGlobalSection
EndGlobal
